PODS:
  - Alamofire (4.9.1)
  - SDWebImage (5.9.0):
    - SDWebImage/Core (= 5.9.0)
  - SDWebImage/Core (5.9.0)
  - SwiftyJSON (4.3.0)

DEPENDENCIES:
  - Alamofire (~> 4.7)
  - SDWebImage (~> 5.0)
  - SwiftyJSON (~> 4.0)

SPEC REPOS:
  trunk:
    - Alamofire
    - SDWebImage
    - SwiftyJSON

SPEC CHECKSUMS:
  Alamofire: 85e8a02c69d6020a0d734f6054870d7ecb75cf18
  SDWebImage: 62ae4a18473520c67b79e9724c31a63599cc9423
  SwiftyJSON: 6faa0040f8b59dead0ee07436cbf76b73c08fd08

PODFILE CHECKSUM: 3fd0005d83a4a161f4596adf9eb6b67d550778b3

COCOAPODS: 1.8.4
